Microsoft Visual Studio Solution File, Format Version 12.00
# Visual Studio Version 17
VisualStudioVersion = 17.5.2.0
MinimumVisualStudioVersion = 10.0.40219.1
Project("{2150E333-8FDC-42A3-9474-1A3956D46DE8}") = "Homework 1", "Homework 1", "{429661DD-0092-020E-C726-CCEF22760FB2}"
EndProject
Project("{FAE04EC0-301F-11D3-BF4B-00C04F79EFBC}") = "Question 1", "Homework 1\Question 1\Question 1.csproj", "{B3613D37-1A1C-9BD4-1257-151BFF615B74}"
EndProject
Global
	GlobalSection(SolutionConfigurationPlatforms) = preSolution
		Debug|Any CPU = Debug|Any CPU
		Release|Any CPU = Release|Any CPU
	EndGlobalSection
	GlobalSection(ProjectConfigurationPlatforms) = postSolution
		{B3613D37-1A1C-9BD4-1257-151BFF615B74}.Debug|Any CPU.ActiveCfg = Debug|Any CPU
		{B3613D37-1A1C-9BD4-1257-151BFF615B74}.Debug|Any CPU.Build.0 = Debug|Any CPU
		{B3613D37-1A1C-9BD4-1257-151BFF615B74}.Release|Any CPU.ActiveCfg = Release|Any CPU
		{B3613D37-1A1C-9BD4-1257-151BFF615B74}.Release|Any CPU.Build.0 = Release|Any CPU
	EndGlobalSection
	GlobalSection(SolutionProperties) = preSolution
		HideSolutionNode = FALSE
	EndGlobalSection
	GlobalSection(NestedProjects) = preSolution
		{B3613D37-1A1C-9BD4-1257-151BFF615B74} = {429661DD-0092-020E-C726-CCEF22760FB2}
	EndGlobalSection
	GlobalSection(ExtensibilityGlobals) = postSolution
		SolutionGuid = {265FA1D9-2E66-47B1-B593-D000815B0D04}
	EndGlobalSection
EndGlobal
